{
  "name": "dagro-differential-oracle",
  "version": "0.0.0",
  "lockfileVersion": 3,
  "requires": true,
  "packages": {
    "": {
      "name": "dagro-differential-oracle",
      "version": "0.0.0",
      "license": "MIT",
      "dependencies": {
        "@dagrejs/dagre": "3.1.1",
        "@dagrejs/graphlib": "4.0.5"
      }
    },
    "node_modules/@dagrejs/dagre": {
      "version": "3.1.1",
      "resolved": "https://registry.npmjs.org/@dagrejs/dagre/-/dagre-3.1.1.tgz",
      "integrity": "sha512-zroZB1dFOFiGgv4Xcrn1DckB1o4aOikPqD2NDQPV0WM//CXGcS6xiD0rNkqHmw6FEg4tabt4nxPLwgCWT+Vb2A==",
      "license": "MIT",
      "dependencies": {
        "@dagrejs/graphlib": "4.0.5"
      }
    },
    "node_modules/@dagrejs/graphlib": {
      "version": "4.0.5",
      "resolved": "https://registry.npmjs.org/@dagrejs/graphlib/-/graphlib-4.0.5.tgz",
      "integrity": "sha512-7xrBTqIts3o+PMUZX97wSc+7TUbW+/rULzGNCTP6yooNVDXbzw4Wutg/H/xOutTB/c/k0YqOAavgPh4/Zk9PFA==",
      "license": "MIT"
    }
  }
}
